// !$*UTF8*$!
{
	archiveVersion = 1;
	classes = {
	};
	objectVersion = 46;
	objects = {

/* Begin PBXBuildFile section */
		8311B59A1F13D99C00BD1CCD /* AppDelegate.swift in Sources */ = {isa = PBXBuildFile; fileRef = 8311B5991F13D99C00BD1CCD /* AppDelegate.swift */; };
		8311B59C1F13D99C00BD1CCD /* ViewController.swift in Sources */ = {isa = PBXBuildFile; fileRef = 8311B59B1F13D99C00BD1CCD /* ViewController.swift */; };
		8311B59F1F13D99C00BD1CCD /* Main.storyboard in Resources */ = {isa = PBXBuildFile; fileRef = 8311B59D1F13D99C00BD1CCD /* Main.storyboard */; };
		8311B5A21F13D99C00BD1CCD /* Come_Thru.xcdatamodeld in Sources */ = {isa = PBXBuildFile; fileRef = 8311B5A01F13D99C00BD1CCD /* Come_Thru.xcdatamodeld */; };
		8311B5A41F13D99C00BD1CCD /* Assets.xcassets in Resources */ = {isa = PBXBuildFile; fileRef = 8311B5A31F13D99C00BD1CCD /* Assets.xcassets */; };
		8311B5A71F13D99C00BD1CCD /* LaunchScreen.storyboard in Resources */ = {isa = PBXBuildFile; fileRef = 8311B5A51F13D99C00BD1CCD /* LaunchScreen.storyboard */; };
/* End PBXBuildFile section */

/* Begin PBXFileReference section */
		8311B5961F13D99C00BD1CCD /* Come Thru.app */ = {isa = PBXFileReference; explicitFileType = wrapper.application; includeInIndex = 0; path = "Come Thru.app"; sourceTree = BUILT_PRODUCTS_DIR; };
		8311B5991F13D99C00BD1CCD /* AppDelegate.swift */ = {isa = PBXFileReference; lastKnownFileType = sourcecode.swift; path = AppDelegate.swift; sourceTree = "<group>"; };
		8311B59B1F13D99C00BD1CCD /* ViewController.swift */ = {isa = PBXFileReference; lastKnownFileType = sourcecode.swift; path = ViewController.swift; sourceTree = "<group>"; };
		8311B59E1F13D99C00BD1CCD /* Base */ = {isa = PBXFileReference; lastKnownFileType = file.storyboard; name = Base; path = Base.lproj/Main.storyboard; sourceTree = "<group>"; };
		8311B5A11F13D99C00BD1CCD /* Come_Thru.xcdatamodel */ = {isa = PBXFileReference; lastKnownFileType = wrapper.xcdatamodel; path = Come_Thru.xcdatamodel; sourceTree = "<group>"; };
		8311B5A31F13D99C00BD1CCD /* Assets.xcassets */ = {isa = PBXFileReference; lastKnownFileType = folder.assetcatalog; path = Assets.xcassets; sourceTree = "<group>"; };
		8311B5A61F13D99C00BD1CCD /* Base */ = {isa = PBXFileReference; lastKnownFileType = file.storyboard; name = Base; path = Base.lproj/LaunchScreen.storyboard; sourceTree = "<group>"; };
		8311B5A81F13D99C00BD1CCD /* Info.plist */ = {isa = PBXFileReference; lastKnownFileType = text.plist.xml; path = Info.plist; sourceTree = "<group>"; };
/* End PBXFileReference section */

/* Begin PBXFrameworksBuildPhase section */
		8311B5931F13D99C00BD1CCD /* Frameworks */ = {
			isa = PBXFrameworksBuildPhase;
			buildActionMask = 2147483647;
			files = (
			);
			runOnlyForDeploymentPostprocessing = 0;
		};
/* End PBXFrameworksBuildPhase section */

/* Begin PBXGroup section */
		8311B58D1F13D99C00BD1CCD = {
			isa = PBXGroup;
			children = (
				8311B5981F13D99C00BD1CCD /* Come Thru */,
				8311B5971F13D99C00BD1CCD /* Products */,
			);
			sourceTree = "<group>";
		};
		8311B5971F13D99C00BD1CCD /* Products */ = {
			isa = PBXGroup;
			children = (
				8311B5961F13D99C00BD1CCD /* Come Thru.app */,
			);
			name = Products;
			sourceTree = "<group>";
		};
		8311B5981F13D99C00BD1CCD /* Come Thru */ = {
			isa = PBXGroup;
			children = (
				8311B5991F13D99C00BD1CCD /* AppDelegate.swift */,
				8311B59B1F13D99C00BD1CCD /* ViewController.swift */,
				8311B59D1F13D99C00BD1CCD /* Main.storyboard */,
				8311B5A31F13D99C00BD1CCD /* Assets.xcassets */,
				8311B5A51F13D99C00BD1CCD /* LaunchScreen.storyboard */,
				8311B5A81F13D99C00BD1CCD /* Info.plist */,
				8311B5A01F13D99C00BD1CCD /* Come_Thru.xcdatamodeld */,
			);
			path = "Come Thru";
			sourceTree = "<group>";
		};
/* End PBXGroup section */

/* Begin PBXNativeTarget section */
		8311B5951F13D99C00BD1CCD /* Come Thru */ = {
			isa = PBXNativeTarget;
			buildConfigurationList = 8311B5AB1F13D99C00BD1CCD /* Build configuration list for PBXNativeTarget "Come Thru" */;
			buildPhases = (
				8311B5921F13D99C00BD1CCD /* Sources */,
				8311B5931F13D99C00BD1CCD /* Frameworks */,
				8311B5941F13D99C00BD1CCD /* Resources */,
			);
			buildRules = (
			);
			dependencies = (
			);
			name = "Come Thru";
			productName = "Come Thru";
			productReference = 8311B5961F13D99C00BD1CCD /* Come Thru.app */;
			productType = "com.apple.product-type.application";
		};
/* End PBXNativeTarget section */

/* Begin PBXProject section */
		8311B58E1F13D99C00BD1CCD /* Project object */ = {
			isa = PBXProject;
			attributes = {
				LastSwiftUpdateCheck = 0830;
				LastUpgradeCheck = 0830;
				ORGANIZATIONNAME = "Roshaan Siddiqui";
				TargetAttributes = {
					8311B5951F13D99C00BD1CCD = {
						CreatedOnToolsVersion = 8.3.3;
						DevelopmentTeam = 42457A4N6V;
						ProvisioningStyle = Automatic;
					};
				};
			};
			buildConfigurationList = 8311B5911F13D99C00BD1CCD /* Build configuration list for PBXProject "Come Thru" */;
			compatibilityVersion = "Xcode 3.2";
			developmentRegion = English;
			hasScannedForEncodings = 0;
			knownRegions = (
				en,
				Base,
			);
			mainGroup = 8311B58D1F13D99C00BD1CCD;
			productRefGroup = 8311B5971F13D99C00BD1CCD /* Products */;
			projectDirPath = "";
			projectRoot = "";
			targets = (
				8311B5951F13D99C00BD1CCD /* Come Thru */,
			);
		};
/* End PBXProject section */

/* Begin PBXResourcesBuildPhase section */
		8311B5941F13D99C00BD1CCD /* Resources */ = {
			isa = PBXResourcesBuildPhase;
			buildActionMask = 2147483647;
			files = (
				8311B5A71F13D99C00BD1CCD /* LaunchScreen.storyboard in Resources */,
				8311B5A41F13D99C00BD1CCD /* Assets.xcassets in Resources */,
				8311B59F1F13D99C00BD1CCD /* Main.storyboard in Resources */,
			);
			runOnlyForDeploymentPostprocessing = 0;
		};
/* End PBXResourcesBuildPhase section */

/* Begin PBXSourcesBuildPhase section */
		8311B5921F13D99C00BD1CCD /* Sources */ = {
			isa = PBXSourcesBuildPhase;
			buildActionMask = 2147483647;
			files = (
				8311B59C1F13D99C00BD1CCD /* ViewController.swift in Sources */,
				8311B5A21F13D99C00BD1CCD /* Come_Thru.xcdatamodeld in Sources */,
				8311B59A1F13D99C00BD1CCD /* AppDelegate.swift in Sources */,
			);
			runOnlyForDeploymentPostprocessing = 0;
		};
/* End PBXSourcesBuildPhase section */

/* Begin PBXVariantGroup section */
		8311B59D1F13D99C00BD1CCD /* Main.storyboard */ = {
			isa = PBXVariantGroup;
			children = (
				8311B59E1F13D99C00BD1CCD /* Base */,
			);
			name = Main.storyboard;
			sourceTree = "<group>";
		};
		8311B5A51F13D99C00BD1CCD /* LaunchScreen.storyboard */ = {
			isa = PBXVariantGroup;
			children = (
				8311B5A61F13D99C00BD1CCD /* Base */,
			);
			name = LaunchScreen.storyboard;
			sourceTree = "<group>";
		};
/* End PBXVariantGroup section */

/* Begin XCBuildConfiguration section */
		8311B5A91F13D99C00BD1CCD /* Debug */ = {
			isa = XCBuildConfiguration;
			buildSettings = {
				ALWAYS_SEARCH_USER_PATHS = NO;
				CLANG_ANALYZER_NONNULL = YES;
				CLANG_ANALYZER_NUMBER_OBJECT_CONVERSION = YES_AGGRESSIVE;
				CLANG_CXX_LANGUAGE_STANDARD = "gnu++0x";
				CLANG_CXX_LIBRARY = "libc++";
				CLANG_ENABLE_MODULES = YES;
				CLANG_ENABLE_OBJC_ARC = YES;
				CLANG_WARN_BOOL_CONVERSION = YES;
				CLANG_WARN_CONSTANT_CONVERSION = YES;
				CLANG_WARN_DIRECT_OBJC_ISA_USAGE = YES_ERROR;
				CLANG_WARN_DOCUMENTATION_COMMENTS = YES;
				CLANG_WARN_EMPTY_BODY = YES;
				CLANG_WARN_ENUM_CONVERSION = YES;
				CLANG_WARN_INFINITE_RECURSION = YES;
				CLANG_WARN_INT_CONVERSION = YES;
				CLANG_WARN_OBJC_ROOT_CLASS = YES_ERROR;
				CLANG_WARN_SUSPICIOUS_MOVE = YES;
				CLANG_WARN_UNREACHABLE_CODE = YES;
				CLANG_WARN__DUPLICATE_METHOD_MATCH = YES;
				"CODE_SIGN_IDENTITY[sdk=iphoneos*]" = "iPhone Developer";
				COPY_PHASE_STRIP = NO;
				DEBUG_INFORMATION_FORMAT = dwarf;
				ENABLE_STRICT_OBJC_MSGSEND = YES;
				ENABLE_TESTABILITY = YES;
				GCC_C_LANGUAGE_STANDARD = gnu99;
				GCC_DYNAMIC_NO_PIC = NO;
				GCC_NO_COMMON_BLOCKS = YES;
				GCC_OPTIMIZATION_LEVEL = 0;
				GCC_PREPROCESSOR_DEFINITIONS = (
					"DEBUG=1",
					"$(inherited)",
				);
				GCC_WARN_64_TO_32_BIT_CONVERSION = YES;
				GCC_WARN_ABOUT_RETURN_TYPE = YES_ERROR;
				GCC_WARN_UNDECLARED_SELECTOR = YES;
				GCC_WARN_UNINITIALIZED_AUTOS = YES_AGGRESSIVE;
				GCC_WARN_UNUSED_FUNCTION = YES;
				GCC_WARN_UNUSED_VARIABLE = YES;
				IPHONEOS_DEPLOYMENT_TARGET = 10.3;
				MTL_ENABLE_DEBUG_INFO = YES;
				ONLY_ACTIVE_ARCH = YES;
				SDKROOT = iphoneos;
				SWIFT_ACTIVE_COMPILATION_CONDITIONS = DEBUG;
				SWIFT_OPTIMIZATION_LEVEL = "-Onone";
				TARGETED_DEVICE_FAMILY = "1,2";
			};
			name = Debug;
		};
		8311B5AA1F13D99C00BD1CCD /* Release */ = {
			isa = XCBuildConfiguration;
			buildSettings = {
				ALWAYS_SEARCH_USER_PATHS = NO;
				CLANG_ANALYZER_NONNULL = YES;
				CLANG_ANALYZER_NUMBER_OBJECT_CONVERSION = YES_AGGRESSIVE;
				CLANG_CXX_LANGUAGE_STANDARD = "gnu++0x";
				CLANG_CXX_LIBRARY = "libc++";
				CLANG_ENABLE_MODULES = YES;
				CLANG_ENABLE_OBJC_ARC = YES;
				CLANG_WARN_BOOL_CONVERSION = YES;
				CLANG_WARN_CONSTANT_CONVERSION = YES;
				CLANG_WARN_DIRECT_OBJC_ISA_USAGE = YES_ERROR;
				CLANG_WARN_DOCUMENTATION_COMMENTS = YES;
				CLANG_WARN_EMPTY_BODY = YES;
				CLANG_WARN_ENUM_CONVERSION = YES;
				CLANG_WARN_INFINITE_RECURSION = YES;
				CLANG_WARN_INT_CONVERSION = YES;
				CLANG_WARN_OBJC_ROOT_CLASS = YES_ERROR;
				CLANG_WARN_SUSPICIOUS_MOVE = YES;
				CLANG_WARN_UNREACHABLE_CODE = YES;
				CLANG_WARN__DUPLICATE_METHOD_MATCH = YES;
				"CODE_SIGN_IDENTITY[sdk=iphoneos*]" = "iPhone Developer";
				COPY_PHASE_STRIP = NO;
				DEBUG_INFORMATION_FORMAT = "dwarf-with-dsym";
				ENABLE_NS_ASSERTIONS = NO;
				ENABLE_STRICT_OBJC_MSGSEND = YES;
				GCC_C_LANGUAGE_STANDARD = gnu99;
				GCC_NO_COMMON_BLOCKS = YES;
				GCC_WARN_64_TO_32_BIT_CONVERSION = YES;
				GCC_WARN_ABOUT_RETURN_TYPE = YES_ERROR;
				GCC_WARN_UNDECLARED_SELECTOR = YES;
				GCC_WARN_UNINITIALIZED_AUTOS = YES_AGGRESSIVE;
				GCC_WARN_UNUSED_FUNCTION = YES;
				GCC_WARN_UNUSED_VARIABLE = YES;
				IPHONEOS_DEPLOYMENT_TARGET = 10.3;
				MTL_ENABLE_DEBUG_INFO = NO;
				SDKROOT = iphoneos;
				SWIFT_OPTIMIZATION_LEVEL = "-Owholemodule";
				TARGETED_DEVICE_FAMILY = "1,2";
				VALIDATE_PRODUCT = YES;
			};
			name = Release;
		};
		8311B5AC1F13D99C00BD1CCD /* Debug */ = {
			isa = XCBuildConfiguration;
			buildSettings = {
				ASSETCATALOG_COMPILER_APPICON_NAME = AppIcon;
				DEVELOPMENT_TEAM = 42457A4N6V;
				INFOPLIST_FILE = "Come Thru/Info.plist";
				LD_RUNPATH_SEARCH_PATHS = "$(inherited) @executable_path/Frameworks";
				PRODUCT_BUNDLE_IDENTIFIER = "MakeSchool.Come-Thru";
				PRODUCT_NAME = "$(TARGET_NAME)";
				SWIFT_VERSION = 3.0;
			};
			name = Debug;
		};
		8311B5AD1F13D99C00BD1CCD /* Release */ = {
			isa = XCBuildConfiguration;
			buildSettings = {
				ASSETCATALOG_COMPILER_APPICON_NAME = AppIcon;
				DEVELOPMENT_TEAM = 42457A4N6V;
				INFOPLIST_FILE = "Come Thru/Info.plist";
				LD_RUNPATH_SEARCH_PATHS = "$(inherited) @executable_path/Frameworks";
				PRODUCT_BUNDLE_IDENTIFIER = "MakeSchool.Come-Thru";
				PRODUCT_NAME = "$(TARGET_NAME)";
				SWIFT_VERSION = 3.0;
			};
			name = Release;
		};
/* End XCBuildConfiguration section */

/* Begin XCConfigurationList section */
		8311B5911F13D99C00BD1CCD /* Build configuration list for PBXProject "Come Thru" */ = {
			isa = XCConfigurationList;
			buildConfigurations = (
				8311B5A91F13D99C00BD1CCD /* Debug */,
				8311B5AA1F13D99C00BD1CCD /* Release */,
			);
			defaultConfigurationIsVisible = 0;
			defaultConfigurationName = Release;
		};
		8311B5AB1F13D99C00BD1CCD /* Build configuration list for PBXNativeTarget "Come Thru" */ = {
			isa = XCConfigurationList;
			buildConfigurations = (
				8311B5AC1F13D99C00BD1CCD /* Debug */,
				8311B5AD1F13D99C00BD1CCD /* Release */,
			);
			defaultConfigurationIsVisible = 0;
		};
/* End XCConfigurationList section */

/* Begin XCVersionGroup section */
		8311B5A01F13D99C00BD1CCD /* Come_Thru.xcdatamodeld */ = {
			isa = XCVersionGroup;
			children = (
				8311B5A11F13D99C00BD1CCD /* Come_Thru.xcdatamodel */,
			);
			currentVersion = 8311B5A11F13D99C00BD1CCD /* Come_Thru.xcdatamodel */;
			path = Come_Thru.xcdatamodeld;
			sourceTree = "<group>";
			versionGroupType = wrapper.xcdatamodel;
		};
/* End XCVersionGroup section */
	};
	rootObject = 8311B58E1F13D99C00BD1CCD /* Project object */;
}
